
Microsoft Visual Studio Solution File, Format Version 12.00
# Visual Studio 2013
VisualStudioVersion = 12.0.21005.1
MinimumVisualStudioVersion = 10.0.40219.1
Project("{FAE04EC0-301F-11D3-BF4B-00C04F79EFBC}") = "GUI", "GUI\GUI.csproj", "{58F8881C-A4F3-4679-9F99-961CD590BC32}"
EndProject
Project("{FAE04EC0-301F-11D3-BF4B-00C04F79EFBC}") = "DTO", "DTO\DTO.csproj", "{B52D33F0-4809-4905-8AC3-16621478DD51}"
EndProject
Project("{FAE04EC0-301F-11D3-BF4B-00C04F79EFBC}") = "DAL", "DAL\DAL.csproj", "{3320FA32-909B-46D1-826D-CF722018B221}"
EndProject
Project("{FAE04EC0-301F-11D3-BF4B-00C04F79EFBC}") = "BLL", "BLL\BLL.csproj", "{A0F31931-EE3B-49DA-946E-0ABCE8389377}"
EndProject
Global
	GlobalSection(SolutionConfigurationPlatforms) = preSolution
		Debug|Any CPU = Debug|Any CPU
		Release|Any CPU = Release|Any CPU
	EndGlobalSection
	GlobalSection(ProjectConfigurationPlatforms) = postSolution
		{58F8881C-A4F3-4679-9F99-961CD590BC32}.Debug|Any CPU.ActiveCfg = Debug|Any CPU
		{58F8881C-A4F3-4679-9F99-961CD590BC32}.Debug|Any CPU.Build.0 = Debug|Any CPU
		{58F8881C-A4F3-4679-9F99-961CD590BC32}.Release|Any CPU.ActiveCfg = Release|Any CPU
		{58F8881C-A4F3-4679-9F99-961CD590BC32}.Release|Any CPU.Build.0 = Release|Any CPU
		{B52D33F0-4809-4905-8AC3-16621478DD51}.Debug|Any CPU.ActiveCfg = Debug|Any CPU
		{B52D33F0-4809-4905-8AC3-16621478DD51}.Debug|Any CPU.Build.0 = Debug|Any CPU
		{B52D33F0-4809-4905-8AC3-16621478DD51}.Release|Any CPU.ActiveCfg = Release|Any CPU
		{B52D33F0-4809-4905-8AC3-16621478DD51}.Release|Any CPU.Build.0 = Release|Any CPU
		{3320FA32-909B-46D1-826D-CF722018B221}.Debug|Any CPU.ActiveCfg = Debug|Any CPU
		{3320FA32-909B-46D1-826D-CF722018B221}.Debug|Any CPU.Build.0 = Debug|Any CPU
		{3320FA32-909B-46D1-826D-CF722018B221}.Release|Any CPU.ActiveCfg = Release|Any CPU
		{3320FA32-909B-46D1-826D-CF722018B221}.Release|Any CPU.Build.0 = Release|Any CPU
		{A0F31931-EE3B-49DA-946E-0ABCE8389377}.Debug|Any CPU.ActiveCfg = Debug|Any CPU
		{A0F31931-EE3B-49DA-946E-0ABCE8389377}.Debug|Any CPU.Build.0 = Debug|Any CPU
		{A0F31931-EE3B-49DA-946E-0ABCE8389377}.Release|Any CPU.ActiveCfg = Release|Any CPU
		{A0F31931-EE3B-49DA-946E-0ABCE8389377}.Release|Any CPU.Build.0 = Release|Any CPU
	EndGlobalSection
	GlobalSection(SolutionProperties) = preSolution
		HideSolutionNode = FALSE
	EndGlobalSection
EndGlobal
